
Microsoft Visual Studio Solution File, Format Version 12.00
# Visual Studio Version 17
VisualStudioVersion = 17.10.34928.147
MinimumVisualStudioVersion = 10.0.40219.1
Project("{FAE04EC0-301F-11D3-BF4B-00C04F79EFBC}") = "Task1", "Task\Task1.csproj", "{334E64AB-50FA-40BD-A32C-038C092E162C}"
EndProject
Project("{FAE04EC0-301F-11D3-BF4B-00C04F79EFBC}") = "ConsoleApp1", "ConsoleApp1\ConsoleApp1.csproj", "{D263B0BF-58FB-4F2C-A4C3-514C12304858}"
EndProject
Project("{FAE04EC0-301F-11D3-BF4B-00C04F79EFBC}") = "Task2", "Task2\Task2.csproj", "{12EEDA78-E786-4EC5-A115-15D2FB84C3AE}"
EndProject
Global
	GlobalSection(SolutionConfigurationPlatforms) = preSolution
		Debug|Any CPU = Debug|Any CPU
		Release|Any CPU = Release|Any CPU
	EndGlobalSection
	GlobalSection(ProjectConfigurationPlatforms) = postSolution
		{334E64AB-50FA-40BD-A32C-038C092E162C}.Debug|Any CPU.ActiveCfg = Debug|Any CPU
		{334E64AB-50FA-40BD-A32C-038C092E162C}.Debug|Any CPU.Build.0 = Debug|Any CPU
		{334E64AB-50FA-40BD-A32C-038C092E162C}.Release|Any CPU.ActiveCfg = Release|Any CPU
		{334E64AB-50FA-40BD-A32C-038C092E162C}.Release|Any CPU.Build.0 = Release|Any CPU
		{D263B0BF-58FB-4F2C-A4C3-514C12304858}.Debug|Any CPU.ActiveCfg = Debug|Any CPU
		{D263B0BF-58FB-4F2C-A4C3-514C12304858}.Debug|Any CPU.Build.0 = Debug|Any CPU
		{D263B0BF-58FB-4F2C-A4C3-514C12304858}.Release|Any CPU.ActiveCfg = Release|Any CPU
		{D263B0BF-58FB-4F2C-A4C3-514C12304858}.Release|Any CPU.Build.0 = Release|Any CPU
		{12EEDA78-E786-4EC5-A115-15D2FB84C3AE}.Debug|Any CPU.ActiveCfg = Debug|Any CPU
		{12EEDA78-E786-4EC5-A115-15D2FB84C3AE}.Debug|Any CPU.Build.0 = Debug|Any CPU
		{12EEDA78-E786-4EC5-A115-15D2FB84C3AE}.Release|Any CPU.ActiveCfg = Release|Any CPU
		{12EEDA78-E786-4EC5-A115-15D2FB84C3AE}.Release|Any CPU.Build.0 = Release|Any CPU
	EndGlobalSection
	GlobalSection(SolutionProperties) = preSolution
		HideSolutionNode = FALSE
	EndGlobalSection
	GlobalSection(ExtensibilityGlobals) = postSolution
		SolutionGuid = {DDCEE078-1A8C-41BA-8A0B-105E79FD9385}
	EndGlobalSection
EndGlobal
